// !$*UTF8*$!
{
	archiveVersion = 1;
	classes = {
	};
	objectVersion = 46;
	objects = {

/* Begin PBXBuildFile section */
		0428DBCF214FE2F000C838E4 /* RNATests.swift in Sources */ = {isa = PBXBuildFile; fileRef = 0428DBCE214FE2F000C838E4 /* RNATests.swift */; };
		0428DBD1214FE36E00C838E4 /* rna1.txt in Resources */ = {isa = PBXBuildFile; fileRef = 0428DBD0214FE36E00C838E4 /* rna1.txt */; };
		0428DBD4214FE8E800C838E4 /* BioSequence+Test.swift in Sources */ = {isa = PBXBuildFile; fileRef = 0428DBD3214FE8E800C838E4 /* BioSequence+Test.swift */; };
		0428DBD7214FEDB600C838E4 /* fasta3.txt in Resources */ = {isa = PBXBuildFile; fileRef = 0428DBD6214FEDB600C838E4 /* fasta3.txt */; };
		0428DBD9214FEE0900C838E4 /* Array+Test.swift in Sources */ = {isa = PBXBuildFile; fileRef = 0428DBD8214FEE0900C838E4 /* Array+Test.swift */; };
		04AA8E76217E17B700BF195C /* FragmentDNATests.swift in Sources */ = {isa = PBXBuildFile; fileRef = 04AA8E75217E17B700BF195C /* FragmentDNATests.swift */; };
		04AA8E7A217E192800BF195C /* dna-fragments2.txt in Resources */ = {isa = PBXBuildFile; fileRef = 04AA8E79217E192800BF195C /* dna-fragments2.txt */; };
		04AA8E7C217E1AFA00BF195C /* dna-fragments1.txt in Resources */ = {isa = PBXBuildFile; fileRef = 04AA8E7B217E1AFA00BF195C /* dna-fragments1.txt */; };
		04AA8E80217F63AE00BF195C /* dna-fragments3.txt in Resources */ = {isa = PBXBuildFile; fileRef = 04AA8E7F217F63AE00BF195C /* dna-fragments3.txt */; };
		04AA8E82217F646F00BF195C /* dna-fragments3-answer.txt in Resources */ = {isa = PBXBuildFile; fileRef = 04AA8E81217F646F00BF195C /* dna-fragments3-answer.txt */; };
		04AA8E86217F71F100BF195C /* SequenceGeneratorTests.swift in Sources */ = {isa = PBXBuildFile; fileRef = 04AA8E85217F71F100BF195C /* SequenceGeneratorTests.swift */; };
		04AD365E2146C1A2006662CE /* dna1.txt in Resources */ = {isa = PBXBuildFile; fileRef = 04AD365D2146C1A2006662CE /* dna1.txt */; };
		04AD3662214857D5006662CE /* InitDNATests.swift in Sources */ = {isa = PBXBuildFile; fileRef = 04AD3661214857D5006662CE /* InitDNATests.swift */; };
		04AD366421494BA5006662CE /* SequenceFileReader.swift in Sources */ = {isa = PBXBuildFile; fileRef = 04AD366321494BA5006662CE /* SequenceFileReader.swift */; };
		04AD366921495063006662CE /* InjectionMap.swift in Sources */ = {isa = PBXBuildFile; fileRef = 04AD366821495063006662CE /* InjectionMap.swift */; };
		04AD366B214950AD006662CE /* TestSequenceFileReader.swift in Sources */ = {isa = PBXBuildFile; fileRef = 04AD366A214950AD006662CE /* TestSequenceFileReader.swift */; };
		04AD3676214BF7D4006662CE /* RandomRNATests.swift in Sources */ = {isa = PBXBuildFile; fileRef = 04AD3675214BF7D4006662CE /* RandomRNATests.swift */; };
		04AD3678214BF7EE006662CE /* MendelianTestCase.swift in Sources */ = {isa = PBXBuildFile; fileRef = 04AD3677214BF7EE006662CE /* MendelianTestCase.swift */; };
		04AD367A214BFCC9006662CE /* RandomProteinTests.swift in Sources */ = {isa = PBXBuildFile; fileRef = 04AD3679214BFCC9006662CE /* RandomProteinTests.swift */; };
		04C811BD2136D880007DEF54 /* Nucleobase.swift in Sources */ = {isa = PBXBuildFile; fileRef = 04C811BC2136D880007DEF54 /* Nucleobase.swift */; };
		04D79E7E215138BA00D4D1F8 /* fasta4.txt in Resources */ = {isa = PBXBuildFile; fileRef = 04D79E7D215138BA00D4D1F8 /* fasta4.txt */; };
		04D91743219C891C0046669B /* Array+Overlap.swift in Sources */ = {isa = PBXBuildFile; fileRef = 04D9173C219C891C0046669B /* Array+Overlap.swift */; };
		04D91744219C891C0046669B /* Array+Contains.swift in Sources */ = {isa = PBXBuildFile; fileRef = 04D9173D219C891C0046669B /* Array+Contains.swift */; };
		04D91745219C891C0046669B /* Array+BaseCounts.swift in Sources */ = {isa = PBXBuildFile; fileRef = 04D9173E219C891C0046669B /* Array+BaseCounts.swift */; };
		04D91746219C891C0046669B /* Array+SharedMotif.swift in Sources */ = {isa = PBXBuildFile; fileRef = 04D9173F219C891C0046669B /* Array+SharedMotif.swift */; };
		04D91747219C891C0046669B /* Array+Utility.swift in Sources */ = {isa = PBXBuildFile; fileRef = 04D91740219C891C0046669B /* Array+Utility.swift */; };
		04D91748219C891C0046669B /* Array+Random.swift in Sources */ = {isa = PBXBuildFile; fileRef = 04D91741219C891C0046669B /* Array+Random.swift */; };
		04D91749219C891C0046669B /* Array+Consensus.swift in Sources */ = {isa = PBXBuildFile; fileRef = 04D91742219C891C0046669B /* Array+Consensus.swift */; };
		04D91752219C89B50046669B /* BioSequence+Functions.swift in Sources */ = {isa = PBXBuildFile; fileRef = 04D9174B219C89B50046669B /* BioSequence+Functions.swift */; };
		04D91753219C89B50046669B /* BioSequence+Addition.swift in Sources */ = {isa = PBXBuildFile; fileRef = 04D9174C219C89B50046669B /* BioSequence+Addition.swift */; };
		04D91754219C89B50046669B /* BioSequence+Random.swift in Sources */ = {isa = PBXBuildFile; fileRef = 04D9174D219C89B50046669B /* BioSequence+Random.swift */; };
		04D91755219C89B50046669B /* BioSequence+Fasta.swift in Sources */ = {isa = PBXBuildFile; fileRef = 04D9174E219C89B50046669B /* BioSequence+Fasta.swift */; };
		04D91756219C89B50046669B /* BioSequence+Properties.swift in Sources */ = {isa = PBXBuildFile; fileRef = 04D9174F219C89B50046669B /* BioSequence+Properties.swift */; };
		04D91757219C89B50046669B /* BioSequence+Hashable.swift in Sources */ = {isa = PBXBuildFile; fileRef = 04D91750219C89B50046669B /* BioSequence+Hashable.swift */; };
		04D91758219C89B50046669B /* BioSequence+Subscripts.swift in Sources */ = {isa = PBXBuildFile; fileRef = 04D91751219C89B50046669B /* BioSequence+Subscripts.swift */; };
		04D9175C219C89E20046669B /* Collection+Genomes.swift in Sources */ = {isa = PBXBuildFile; fileRef = 04D9175A219C89E20046669B /* Collection+Genomes.swift */; };
		04D9175D219C89E20046669B /* Collection+GCContent.swift in Sources */ = {isa = PBXBuildFile; fileRef = 04D9175B219C89E20046669B /* Collection+GCContent.swift */; };
		04D9176C219C8A8C0046669B /* String+Trim.swift in Sources */ = {isa = PBXBuildFile; fileRef = 04D9176A219C8A8B0046669B /* String+Trim.swift */; };
		04D9176D219C8A8C0046669B /* String+File.swift in Sources */ = {isa = PBXBuildFile; fileRef = 04D9176B219C8A8B0046669B /* String+File.swift */; };
		04D9176F219C8BDA0046669B /* Nucleobase+Array.swift in Sources */ = {isa = PBXBuildFile; fileRef = 04D9176E219C8BDA0046669B /* Nucleobase+Array.swift */; };
		04DB2866215C1D7E00BB45FC /* DNABaseCountTests.swift in Sources */ = {isa = PBXBuildFile; fileRef = 04DB2865215C1D7E00BB45FC /* DNABaseCountTests.swift */; };
		12628EEB1E77433900C44EC1 /* BioGraphTests.swift in Sources */ = {isa = PBXBuildFile; fileRef = 12628EEA1E77433900C44EC1 /* BioGraphTests.swift */; };
		12628EED1E77439000C44EC1 /* DnaTests.swift in Sources */ = {isa = PBXBuildFile; fileRef = 12628EEC1E77439000C44EC1 /* DnaTests.swift */; };
		12628EF31E77439A00C44EC1 /* RandomDNATests.swift in Sources */ = {isa = PBXBuildFile; fileRef = 12628EF01E77439A00C44EC1 /* RandomDNATests.swift */; };
		12628EF51E7743F400C44EC1 /* MockGraphs.swift in Sources */ = {isa = PBXBuildFile; fileRef = 12628EF41E7743F400C44EC1 /* MockGraphs.swift */; };
		494B8C701E6B4D490057030B /* MendelianSwift.framework in Frameworks */ = {isa = PBXBuildFile; fileRef = 494B8C661E6B4D490057030B /* MendelianSwift.framework */; };
		494B8C771E6B4D490057030B /* MendelianSwift.h in Headers */ = {isa = PBXBuildFile; fileRef = 494B8C691E6B4D490057030B /* MendelianSwift.h */; settings = {ATTRIBUTES = (Public, ); }; };
		494B8C861E6B4DDC0057030B /* Constants.swift in Sources */ = {isa = PBXBuildFile; fileRef = 494B8C821E6B4DDC0057030B /* Constants.swift */; };
		494D4EC31E73894F0068F706 /* BioSequence.swift in Sources */ = {isa = PBXBuildFile; fileRef = 494D4EBF1E73894F0068F706 /* BioSequence.swift */; };
		494D4EC41E73894F0068F706 /* DNA.swift in Sources */ = {isa = PBXBuildFile; fileRef = 494D4EC01E73894F0068F706 /* DNA.swift */; };
		494D4EC51E73894F0068F706 /* Protein.swift in Sources */ = {isa = PBXBuildFile; fileRef = 494D4EC11E73894F0068F706 /* Protein.swift */; };
		494D4EC61E73894F0068F706 /* RNA.swift in Sources */ = {isa = PBXBuildFile; fileRef = 494D4EC21E73894F0068F706 /* RNA.swift */; };
		494D4EDB1E74436C0068F706 /* fasta1.txt in Resources */ = {isa = PBXBuildFile; fileRef = 494D4ED91E74436C0068F706 /* fasta1.txt */; };
		494D4EDC1E74436C0068F706 /* fasta2.txt in Resources */ = {isa = PBXBuildFile; fileRef = 494D4EDA1E74436C0068F706 /* fasta2.txt */; };
		912D879C21912D0800314B63 /* Vertex.swift in Sources */ = {isa = PBXBuildFile; fileRef = 912D879921912D0800314B63 /* Vertex.swift */; };
		912D879D21912D0800314B63 /* EdgeList.swift in Sources */ = {isa = PBXBuildFile; fileRef = 912D879A21912D0800314B63 /* EdgeList.swift */; };
		912D879E21912D0800314B63 /* Edge.swift in Sources */ = {isa = PBXBuildFile; fileRef = 912D879B21912D0800314B63 /* Edge.swift */; };
		912D87A021912D3700314B63 /* BioGraphBase.swift in Sources */ = {isa = PBXBuildFile; fileRef = 912D879F21912D3700314B63 /* BioGraphBase.swift */; };
		912D87A321912D5E00314B63 /* BioGraphFactory.swift in Sources */ = {isa = PBXBuildFile; fileRef = 912D87A121912D5E00314B63 /* BioGraphFactory.swift */; };
		912D87A421912D5E00314B63 /* BioGraphInterface.swift in Sources */ = {isa = PBXBuildFile; fileRef = 912D87A221912D5E00314B63 /* BioGraphInterface.swift */; };
		912D87A721912D8100314B63 /* UndirectedGraph.swift in Sources */ = {isa = PBXBuildFile; fileRef = 912D87A521912D8100314B63 /* UndirectedGraph.swift */; };
		912D87A821912D8100314B63 /* DirectedGraph.swift in Sources */ = {isa = PBXBuildFile; fileRef = 912D87A621912D8100314B63 /* DirectedGraph.swift */; };
		912D87AB21912DE700314B63 /* BioSequenceFileReader.swift in Sources */ = {isa = PBXBuildFile; fileRef = 912D87A921912DE700314B63 /* BioSequenceFileReader.swift */; };
		912D87AC21912DE700314B63 /* SequenceGenerator.swift in Sources */ = {isa = PBXBuildFile; fileRef = 912D87AA21912DE700314B63 /* SequenceGenerator.swift */; };
		912D87DC21912FFE00314B63 /* AminoAcid.swift in Sources */ = {isa = PBXBuildFile; fileRef = 912D87D921912FFE00314B63 /* AminoAcid.swift */; };
		912D87DD21912FFE00314B63 /* DNA+Base.swift in Sources */ = {isa = PBXBuildFile; fileRef = 912D87DA21912FFE00314B63 /* DNA+Base.swift */; };
		912D87DE21912FFE00314B63 /* RNA+Base.swift in Sources */ = {isa = PBXBuildFile; fileRef = 912D87DB21912FFE00314B63 /* RNA+Base.swift */; };
		91535D8A2184D03A00EA7325 /* GraphTests.swift in Sources */ = {isa = PBXBuildFile; fileRef = 91535D892184D03A00EA7325 /* GraphTests.swift */; };
		916B9727214C2710005C7910 /* InitRNATests.swift in Sources */ = {isa = PBXBuildFile; fileRef = 916B9726214C2710005C7910 /* InitRNATests.swift */; };
		916B9729214C2721005C7910 /* InitProteinTests.swift in Sources */ = {isa = PBXBuildFile; fileRef = 916B9728214C2721005C7910 /* InitProteinTests.swift */; };
		916B972C214C2791005C7910 /* EqualityDNATests.swift in Sources */ = {isa = PBXBuildFile; fileRef = 916B972B214C2791005C7910 /* EqualityDNATests.swift */; };
		916B972E214C27C4005C7910 /* EqualityRNATests.swift in Sources */ = {isa = PBXBuildFile; fileRef = 916B972D214C27C4005C7910 /* EqualityRNATests.swift */; };
		916B9730214C27D4005C7910 /* EqualityProteinTests.swift in Sources */ = {isa = PBXBuildFile; fileRef = 916B972F214C27D4005C7910 /* EqualityProteinTests.swift */; };
		91DA41E5219A60F300F31975 /* DNAMotifTests.swift in Sources */ = {isa = PBXBuildFile; fileRef = 91DA41E4219A60F300F31975 /* DNAMotifTests.swift */; };
		91DA41E7219A613B00F31975 /* dna-motifs1.txt in Resources */ = {isa = PBXBuildFile; fileRef = 91DA41E6219A613B00F31975 /* dna-motifs1.txt */; };
		91DA41EA219A62CD00F31975 /* dna-motifs2.txt in Resources */ = {isa = PBXBuildFile; fileRef = 91DA41E9219A62CD00F31975 /* dna-motifs2.txt */; };
		91DA41ED219A659600F31975 /* dna-motifs3.txt in Resources */ = {isa = PBXBuildFile; fileRef = 91DA41EC219A659600F31975 /* dna-motifs3.txt */; };
/* End PBXBuildFile section */

/* Begin PBXContainerItemProxy section */
		494B8C711E6B4D490057030B /* PBXContainerItemProxy */ = {
			isa = PBXContainerItemProxy;
			containerPortal = 494B8C5D1E6B4D490057030B /* Project object */;
			proxyType = 1;
			remoteGlobalIDString = 494B8C651E6B4D490057030B;
			remoteInfo = MendelianSwift;
		};
/* End PBXContainerItemProxy section */

/* Begin PBXFileReference section */
		0428DBCE214FE2F000C838E4 /* RNATests.swift */ = {isa = PBXFileReference; lastKnownFileType = sourcecode.swift; path = RNATests.swift; sourceTree = "<group>"; };
		0428DBD0214FE36E00C838E4 /* rna1.txt */ = {isa = PBXFileReference; lastKnownFileType = text; path = rna1.txt; sourceTree = "<group>"; };
		0428DBD3214FE8E800C838E4 /* BioSequence+Test.swift */ = {isa = PBXFileReference; lastKnownFileType = sourcecode.swift; path = "BioSequence+Test.swift"; sourceTree = "<group>"; };
		0428DBD6214FEDB600C838E4 /* fasta3.txt */ = {isa = PBXFileReference; lastKnownFileType = text; path = fasta3.txt; sourceTree = "<group>"; };
		0428DBD8214FEE0900C838E4 /* Array+Test.swift */ = {isa = PBXFileReference; lastKnownFileType = sourcecode.swift; path = "Array+Test.swift"; sourceTree = "<group>"; };
		04AA8E75217E17B700BF195C /* FragmentDNATests.swift */ = {isa = PBXFileReference; lastKnownFileType = sourcecode.swift; path = FragmentDNATests.swift; sourceTree = "<group>"; };
		04AA8E79217E192800BF195C /* dna-fragments2.txt */ = {isa = PBXFileReference; lastKnownFileType = text; path = "dna-fragments2.txt"; sourceTree = "<group>"; };
		04AA8E7B217E1AFA00BF195C /* dna-fragments1.txt */ = {isa = PBXFileReference; lastKnownFileType = text; path = "dna-fragments1.txt"; sourceTree = "<group>"; };
		04AA8E7F217F63AE00BF195C /* dna-fragments3.txt */ = {isa = PBXFileReference; lastKnownFileType = text; path = "dna-fragments3.txt"; sourceTree = "<group>"; };
		04AA8E81217F646F00BF195C /* dna-fragments3-answer.txt */ = {isa = PBXFileReference; lastKnownFileType = text; path = "dna-fragments3-answer.txt"; sourceTree = "<group>"; };
		04AA8E85217F71F100BF195C /* SequenceGeneratorTests.swift */ = {isa = PBXFileReference; lastKnownFileType = sourcecode.swift; path = SequenceGeneratorTests.swift; sourceTree = "<group>"; };
		04AD365D2146C1A2006662CE /* dna1.txt */ = {isa = PBXFileReference; lastKnownFileType = text; path = dna1.txt; sourceTree = "<group>"; };
		04AD3661214857D5006662CE /* InitDNATests.swift */ = {isa = PBXFileReference; lastKnownFileType = sourcecode.swift; path = InitDNATests.swift; sourceTree = "<group>"; };
		04AD366321494BA5006662CE /* SequenceFileReader.swift */ = {isa = PBXFileReference; lastKnownFileType = sourcecode.swift; path = SequenceFileReader.swift; sourceTree = "<group>"; };
		04AD366821495063006662CE /* InjectionMap.swift */ = {isa = PBXFileReference; lastKnownFileType = sourcecode.swift; path = InjectionMap.swift; sourceTree = "<group>"; };
		04AD366A214950AD006662CE /* TestSequenceFileReader.swift */ = {isa = PBXFileReference; lastKnownFileType = sourcecode.swift; path = TestSequenceFileReader.swift; sourceTree = "<group>"; };
		04AD3675214BF7D4006662CE /* RandomRNATests.swift */ = {isa = PBXFileReference; lastKnownFileType = sourcecode.swift; path = RandomRNATests.swift; sourceTree = "<group>"; };
		04AD3677214BF7EE006662CE /* MendelianTestCase.swift */ = {isa = PBXFileReference; lastKnownFileType = sourcecode.swift; path = MendelianTestCase.swift; sourceTree = "<group>"; };
		04AD3679214BFCC9006662CE /* RandomProteinTests.swift */ = {isa = PBXFileReference; lastKnownFileType = sourcecode.swift; path = RandomProteinTests.swift; sourceTree = "<group>"; };
		04C811BC2136D880007DEF54 /* Nucleobase.swift */ = {isa = PBXFileReference; lastKnownFileType = sourcecode.swift; path = Nucleobase.swift; sourceTree = "<group>"; };
		04D79E7D215138BA00D4D1F8 /* fasta4.txt */ = {isa = PBXFileReference; lastKnownFileType = text; path = fasta4.txt; sourceTree = "<group>"; };
		04D9173C219C891C0046669B /* Array+Overlap.swift */ = {isa = PBXFileReference; fileEncoding = 4; lastKnownFileType = sourcecode.swift; name = "Array+Overlap.swift"; path = "MendelianSwift/Extensions/Array/Array+Overlap.swift"; sourceTree = SOURCE_ROOT; };
		04D9173D219C891C0046669B /* Array+Contains.swift */ = {isa = PBXFileReference; fileEncoding = 4; lastKnownFileType = sourcecode.swift; name = "Array+Contains.swift"; path = "MendelianSwift/Extensions/Array/Array+Contains.swift"; sourceTree = SOURCE_ROOT; };
		04D9173E219C891C0046669B /* Array+BaseCounts.swift */ = {isa = PBXFileReference; fileEncoding = 4; lastKnownFileType = sourcecode.swift; name = "Array+BaseCounts.swift"; path = "MendelianSwift/Extensions/Array/Array+BaseCounts.swift"; sourceTree = SOURCE_ROOT; };
		04D9173F219C891C0046669B /* Array+SharedMotif.swift */ = {isa = PBXFileReference; fileEncoding = 4; lastKnownFileType = sourcecode.swift; name = "Array+SharedMotif.swift"; path = "MendelianSwift/Extensions/Array/Array+SharedMotif.swift"; sourceTree = SOURCE_ROOT; };
		04D91740219C891C0046669B /* Array+Utility.swift */ = {isa = PBXFileReference; fileEncoding = 4; lastKnownFileType = sourcecode.swift; name = "Array+Utility.swift"; path = "MendelianSwift/Extensions/Array/Array+Utility.swift"; sourceTree = SOURCE_ROOT; };
		04D91741219C891C0046669B /* Array+Random.swift */ = {isa = PBXFileReference; fileEncoding = 4; lastKnownFileType = sourcecode.swift; name = "Array+Random.swift"; path = "MendelianSwift/Extensions/Array/Array+Random.swift"; sourceTree = SOURCE_ROOT; };
		04D91742219C891C0046669B /* Array+Consensus.swift */ = {isa = PBXFileReference; fileEncoding = 4; lastKnownFileType = sourcecode.swift; name = "Array+Consensus.swift"; path = "MendelianSwift/Extensions/Array/Array+Consensus.swift"; sourceTree = SOURCE_ROOT; };
		04D9174B219C89B50046669B /* BioSequence+Functions.swift */ = {isa = PBXFileReference; fileEncoding = 4; lastKnownFileType = sourcecode.swift; name = "BioSequence+Functions.swift"; path = "MendelianSwift/Extensions/BioSequence/BioSequence+Functions.swift"; sourceTree = SOURCE_ROOT; };
		04D9174C219C89B50046669B /* BioSequence+Addition.swift */ = {isa = PBXFileReference; fileEncoding = 4; lastKnownFileType = sourcecode.swift; name = "BioSequence+Addition.swift"; path = "MendelianSwift/Extensions/BioSequence/BioSequence+Addition.swift"; sourceTree = SOURCE_ROOT; };
		04D9174D219C89B50046669B /* BioSequence+Random.swift */ = {isa = PBXFileReference; fileEncoding = 4; lastKnownFileType = sourcecode.swift; name = "BioSequence+Random.swift"; path = "MendelianSwift/Extensions/BioSequence/BioSequence+Random.swift"; sourceTree = SOURCE_ROOT; };
		04D9174E219C89B50046669B /* BioSequence+Fasta.swift */ = {isa = PBXFileReference; fileEncoding = 4; lastKnownFileType = sourcecode.swift; name = "BioSequence+Fasta.swift"; path = "MendelianSwift/Extensions/BioSequence/BioSequence+Fasta.swift"; sourceTree = SOURCE_ROOT; };
		04D9174F219C89B50046669B /* BioSequence+Properties.swift */ = {isa = PBXFileReference; fileEncoding = 4; lastKnownFileType = sourcecode.swift; name = "BioSequence+Properties.swift"; path = "MendelianSwift/Extensions/BioSequence/BioSequence+Properties.swift"; sourceTree = SOURCE_ROOT; };
		04D91750219C89B50046669B /* BioSequence+Hashable.swift */ = {isa = PBXFileReference; fileEncoding = 4; lastKnownFileType = sourcecode.swift; name = "BioSequence+Hashable.swift"; path = "MendelianSwift/Extensions/BioSequence/BioSequence+Hashable.swift"; sourceTree = SOURCE_ROOT; };
		04D91751219C89B50046669B /* BioSequence+Subscripts.swift */ = {isa = PBXFileReference; fileEncoding = 4; lastKnownFileType = sourcecode.swift; name = "BioSequence+Subscripts.swift"; path = "MendelianSwift/Extensions/BioSequence/BioSequence+Subscripts.swift"; sourceTree = SOURCE_ROOT; };
		04D9175A219C89E20046669B /* Collection+Genomes.swift */ = {isa = PBXFileReference; fileEncoding = 4; lastKnownFileType = sourcecode.swift; name = "Collection+Genomes.swift"; path = "MendelianSwift/Extensions/Collection/Collection+Genomes.swift"; sourceTree = SOURCE_ROOT; };
		04D9175B219C89E20046669B /* Collection+GCContent.swift */ = {isa = PBXFileReference; fileEncoding = 4; lastKnownFileType = sourcecode.swift; name = "Collection+GCContent.swift"; path = "MendelianSwift/Extensions/Collection/Collection+GCContent.swift"; sourceTree = SOURCE_ROOT; };
		04D9176A219C8A8B0046669B /* String+Trim.swift */ = {isa = PBXFileReference; fileEncoding = 4; lastKnownFileType = sourcecode.swift; name = "String+Trim.swift"; path = "MendelianSwift/Extensions/String/String+Trim.swift"; sourceTree = SOURCE_ROOT; };
		04D9176B219C8A8B0046669B /* String+File.swift */ = {isa = PBXFileReference; fileEncoding = 4; lastKnownFileType = sourcecode.swift; name = "String+File.swift"; path = "MendelianSwift/Extensions/String/String+File.swift"; sourceTree = SOURCE_ROOT; };
		04D9176E219C8BDA0046669B /* Nucleobase+Array.swift */ = {isa = PBXFileReference; fileEncoding = 4; lastKnownFileType = sourcecode.swift; name = "Nucleobase+Array.swift"; path = "MendelianSwift/Extensions/Nucleobase/Nucleobase+Array.swift"; sourceTree = SOURCE_ROOT; };
		04DB2865215C1D7E00BB45FC /* DNABaseCountTests.swift */ = {isa = PBXFileReference; lastKnownFileType = sourcecode.swift; path = DNABaseCountTests.swift; sourceTree = "<group>"; };
		12628EEA1E77433900C44EC1 /* BioGraphTests.swift */ = {isa = PBXFileReference; fileEncoding = 4; lastKnownFileType = sourcecode.swift; name = BioGraphTests.swift; path = "Math Model Tests/BioGraphTests.swift"; sourceTree = "<group>"; };
		12628EEC1E77439000C44EC1 /* DnaTests.swift */ = {isa = PBXFileReference; fileEncoding = 4; lastKnownFileType = sourcecode.swift; name = DnaTests.swift; path = "Sequence Model Tests/DnaTests.swift"; sourceTree = "<group>"; };
		12628EF01E77439A00C44EC1 /* RandomDNATests.swift */ = {isa = PBXFileReference; fileEncoding = 4; lastKnownFileType = sourcecode.swift; name = RandomDNATests.swift; path = "Service Tests/RandomDNATests.swift"; sourceTree = "<group>"; };
		12628EF41E7743F400C44EC1 /* MockGraphs.swift */ = {isa = PBXFileReference; fileEncoding = 4; lastKnownFileType = sourcecode.swift; name = MockGraphs.swift; path = "Mock Objects/MockGraphs.swift"; sourceTree = "<group>"; };
		494B8C661E6B4D490057030B /* MendelianSwift.framework */ = {isa = PBXFileReference; explicitFileType = wrapper.framework; includeInIndex = 0; path = MendelianSwift.framework; sourceTree = BUILT_PRODUCTS_DIR; };
		494B8C691E6B4D490057030B /* MendelianSwift.h */ = {isa = PBXFileReference; lastKnownFileType = sourcecode.c.h; path = MendelianSwift.h; sourceTree = "<group>"; };
		494B8C6A1E6B4D490057030B /* Info.plist */ = {isa = PBXFileReference; lastKnownFileType = text.plist.xml; path = Info.plist; sourceTree = "<group>"; };
		494B8C6F1E6B4D490057030B /* MendelianSwiftTests.xctest */ = {isa = PBXFileReference; explicitFileType = wrapper.cfbundle; includeInIndex = 0; path = MendelianSwiftTests.xctest; sourceTree = BUILT_PRODUCTS_DIR; };
		494B8C761E6B4D490057030B /* Info.plist */ = {isa = PBXFileReference; lastKnownFileType = text.plist.xml; path = Info.plist; sourceTree = "<group>"; };
		494B8C821E6B4DDC0057030B /* Constants.swift */ = {isa = PBXFileReference; fileEncoding = 4; lastKnownFileType = sourcecode.swift; path = Constants.swift; sourceTree = "<group>"; };
		494D4EBF1E73894F0068F706 /* BioSequence.swift */ = {isa = PBXFileReference; fileEncoding = 4; lastKnownFileType = sourcecode.swift; path = BioSequence.swift; sourceTree = "<group>"; };
		494D4EC01E73894F0068F706 /* DNA.swift */ = {isa = PBXFileReference; fileEncoding = 4; lastKnownFileType = sourcecode.swift; name = DNA.swift; path = "Sequence Models/DNA.swift"; sourceTree = "<group>"; };
		494D4EC11E73894F0068F706 /* Protein.swift */ = {isa = PBXFileReference; fileEncoding = 4; lastKnownFileType = sourcecode.swift; name = Protein.swift; path = "Sequence Models/Protein.swift"; sourceTree = "<group>"; };
		494D4EC21E73894F0068F706 /* RNA.swift */ = {isa = PBXFileReference; fileEncoding = 4; lastKnownFileType = sourcecode.swift; name = RNA.swift; path = "Sequence Models/RNA.swift"; sourceTree = "<group>"; };
		494D4ED91E74436C0068F706 /* fasta1.txt */ = {isa = PBXFileReference; fileEncoding = 4; lastKnownFileType = text; name = fasta1.txt; path = Resources/fasta1.txt; sourceTree = "<group>"; };
		494D4EDA1E74436C0068F706 /* fasta2.txt */ = {isa = PBXFileReference; fileEncoding = 4; lastKnownFileType = text; name = fasta2.txt; path = Resources/fasta2.txt; sourceTree = "<group>"; };
		912D879921912D0800314B63 /* Vertex.swift */ = {isa = PBXFileReference; fileEncoding = 4; lastKnownFileType = sourcecode.swift; name = Vertex.swift; path = Graph/Components/Vertex.swift; sourceTree = "<group>"; };
		912D879A21912D0800314B63 /* EdgeList.swift */ = {isa = PBXFileReference; fileEncoding = 4; lastKnownFileType = sourcecode.swift; name = EdgeList.swift; path = Graph/Components/EdgeList.swift; sourceTree = "<group>"; };
		912D879B21912D0800314B63 /* Edge.swift */ = {isa = PBXFileReference; fileEncoding = 4; lastKnownFileType = sourcecode.swift; name = Edge.swift; path = Graph/Components/Edge.swift; sourceTree = "<group>"; };
		912D879F21912D3700314B63 /* BioGraphBase.swift */ = {isa = PBXFileReference; fileEncoding = 4; lastKnownFileType = sourcecode.swift; name = BioGraphBase.swift; path = Graph/BioGraphBase.swift; sourceTree = "<group>"; };
		912D87A121912D5E00314B63 /* BioGraphFactory.swift */ = {isa = PBXFileReference; fileEncoding = 4; lastKnownFileType = sourcecode.swift; name = BioGraphFactory.swift; path = Graph/BioGraphFactory.swift; sourceTree = "<group>"; };
		912D87A221912D5E00314B63 /* BioGraphInterface.swift */ = {isa = PBXFileReference; fileEncoding = 4; lastKnownFileType = sourcecode.swift; name = BioGraphInterface.swift; path = Graph/BioGraphInterface.swift; sourceTree = "<group>"; };
		912D87A521912D8100314B63 /* UndirectedGraph.swift */ = {isa = PBXFileReference; fileEncoding = 4; lastKnownFileType = sourcecode.swift; name = UndirectedGraph.swift; path = Graph/Implementations/UndirectedGraph.swift; sourceTree = "<group>"; };
		912D87A621912D8100314B63 /* DirectedGraph.swift */ = {isa = PBXFileReference; fileEncoding = 4; lastKnownFileType = sourcecode.swift; name = DirectedGraph.swift; path = Graph/Implementations/DirectedGraph.swift; sourceTree = "<group>"; };
		912D87A921912DE700314B63 /* BioSequenceFileReader.swift */ = {isa = PBXFileReference; fileEncoding = 4; lastKnownFileType = sourcecode.swift; name = BioSequenceFileReader.swift; path = "Internal Services/BioSequenceFileReader.swift"; sourceTree = "<group>"; };
		912D87AA21912DE700314B63 /* SequenceGenerator.swift */ = {isa = PBXFileReference; fileEncoding = 4; lastKnownFileType = sourcecode.swift; name = SequenceGenerator.swift; path = "Internal Services/SequenceGenerator.swift"; sourceTree = "<group>"; };
		912D87D921912FFE00314B63 /* AminoAcid.swift */ = {isa = PBXFileReference; fileEncoding = 4; lastKnownFileType = sourcecode.swift; name = AminoAcid.swift; path = Bases/AminoAcid.swift; sourceTree = "<group>"; };
		912D87DA21912FFE00314B63 /* DNA+Base.swift */ = {isa = PBXFileReference; fileEncoding = 4; lastKnownFileType = sourcecode.swift; name = "DNA+Base.swift"; path = "Bases/DNA+Base.swift"; sourceTree = "<group>"; };
		912D87DB21912FFE00314B63 /* RNA+Base.swift */ = {isa = PBXFileReference; fileEncoding = 4; lastKnownFileType = sourcecode.swift; name = "RNA+Base.swift"; path = "Bases/RNA+Base.swift"; sourceTree = "<group>"; };
		91535D892184D03A00EA7325 /* GraphTests.swift */ = {isa = PBXFileReference; lastKnownFileType = sourcecode.swift; path = GraphTests.swift; sourceTree = "<group>"; };
		916B9726214C2710005C7910 /* InitRNATests.swift */ = {isa = PBXFileReference; lastKnownFileType = sourcecode.swift; path = InitRNATests.swift; sourceTree = "<group>"; };
		916B9728214C2721005C7910 /* InitProteinTests.swift */ = {isa = PBXFileReference; lastKnownFileType = sourcecode.swift; path = InitProteinTests.swift; sourceTree = "<group>"; };
		916B972B214C2791005C7910 /* EqualityDNATests.swift */ = {isa = PBXFileReference; lastKnownFileType = sourcecode.swift; path = EqualityDNATests.swift; sourceTree = "<group>"; };
		916B972D214C27C4005C7910 /* EqualityRNATests.swift */ = {isa = PBXFileReference; lastKnownFileType = sourcecode.swift; path = EqualityRNATests.swift; sourceTree = "<group>"; };
		916B972F214C27D4005C7910 /* EqualityProteinTests.swift */ = {isa = PBXFileReference; lastKnownFileType = sourcecode.swift; path = EqualityProteinTests.swift; sourceTree = "<group>"; };
		91DA41E4219A60F300F31975 /* DNAMotifTests.swift */ = {isa = PBXFileReference; lastKnownFileType = sourcecode.swift; path = DNAMotifTests.swift; sourceTree = "<group>"; };
		91DA41E6219A613B00F31975 /* dna-motifs1.txt */ = {isa = PBXFileReference; lastKnownFileType = text; path = "dna-motifs1.txt"; sourceTree = "<group>"; };
		91DA41E9219A62CD00F31975 /* dna-motifs2.txt */ = {isa = PBXFileReference; lastKnownFileType = text; path = "dna-motifs2.txt"; sourceTree = "<group>"; };
		91DA41EC219A659600F31975 /* dna-motifs3.txt */ = {isa = PBXFileReference; lastKnownFileType = text; path = "dna-motifs3.txt"; sourceTree = "<group>"; };
/* End PBXFileReference section */

/* Begin PBXFrameworksBuildPhase section */
		494B8C621E6B4D490057030B /* Frameworks */ = {
			isa = PBXFrameworksBuildPhase;
			buildActionMask = 2147483647;
			files = (
			);
			runOnlyForDeploymentPostprocessing = 0;
		};
		494B8C6C1E6B4D490057030B /* Frameworks */ = {
			isa = PBXFrameworksBuildPhase;
			buildActionMask = 2147483647;
			files = (
				494B8C701E6B4D490057030B /* MendelianSwift.framework in Frameworks */,
			);
			runOnlyForDeploymentPostprocessing = 0;
		};
/* End PBXFrameworksBuildPhase section */

/* Begin PBXGroup section */
		0428DBD2214FE37500C838E4 /* RNA */ = {
			isa = PBXGroup;
			children = (
				0428DBD0214FE36E00C838E4 /* rna1.txt */,
			);
			name = RNA;
			sourceTree = "<group>";
		};
		0428DBD5214FE8F200C838E4 /* Extensions */ = {
			isa = PBXGroup;
			children = (
				0428DBD8214FEE0900C838E4 /* Array+Test.swift */,
				0428DBD3214FE8E800C838E4 /* BioSequence+Test.swift */,
			);
			name = Extensions;
			sourceTree = "<group>";
		};
		044226D42134A224000CBEBC /* Bases */ = {
			isa = PBXGroup;
			children = (
				912D87D921912FFE00314B63 /* AminoAcid.swift */,
				912D87DA21912FFE00314B63 /* DNA+Base.swift */,
				912D87DB21912FFE00314B63 /* RNA+Base.swift */,
			);
			name = Bases;
			sourceTree = "<group>";
		};
		04AA8E77217E17BE00BF195C /* Fragment Tests */ = {
			isa = PBXGroup;
			children = (
				04AA8E75217E17B700BF195C /* FragmentDNATests.swift */,
			);
			name = "Fragment Tests";
			sourceTree = "<group>";
		};
		04AA8E78217E18F800BF195C /* Fragments */ = {
			isa = PBXGroup;
			children = (
				04AA8E7B217E1AFA00BF195C /* dna-fragments1.txt */,
				04AA8E79217E192800BF195C /* dna-fragments2.txt */,
				04AA8E7F217F63AE00BF195C /* dna-fragments3.txt */,
				04AA8E81217F646F00BF195C /* dna-fragments3-answer.txt */,
			);
			name = Fragments;
			sourceTree = "<group>";
		};
		04AA8E87217F721600BF195C /* Generator Tests */ = {
			isa = PBXGroup;
			children = (
				04AA8E85217F71F100BF195C /* SequenceGeneratorTests.swift */,
			);
			path = "Generator Tests";
			sourceTree = "<group>";
		};
		04AD365A2146C0E5006662CE /* DNA */ = {
			isa = PBXGroup;
			children = (
				04AA8E78217E18F800BF195C /* Fragments */,
				91DA41E8219A614700F31975 /* Motifs */,
				04AD365D2146C1A2006662CE /* dna1.txt */,
			);
			name = DNA;
			sourceTree = "<group>";
		};
		04AD366521494EC4006662CE /* Protocols */ = {
			isa = PBXGroup;
			children = (
				494D4EBF1E73894F0068F706 /* BioSequence.swift */,
				04C811BC2136D880007DEF54 /* Nucleobase.swift */,
				04AD366821495063006662CE /* InjectionMap.swift */,
				04AD366321494BA5006662CE /* SequenceFileReader.swift */,
			);
			path = Protocols;
			sourceTree = "<group>";
		};
		04D9173B219C890F0046669B /* Array */ = {
			isa = PBXGroup;
			children = (
				04D9173E219C891C0046669B /* Array+BaseCounts.swift */,
				04D91742219C891C0046669B /* Array+Consensus.swift */,
				04D9173D219C891C0046669B /* Array+Contains.swift */,
				04D9173C219C891C0046669B /* Array+Overlap.swift */,
				04D91741219C891C0046669B /* Array+Random.swift */,
				04D9173F219C891C0046669B /* Array+SharedMotif.swift */,
				04D91740219C891C0046669B /* Array+Utility.swift */,
			);
			path = Array;
			sourceTree = "<group>";
		};
		04D9174A219C89940046669B /* BioSequence */ = {
			isa = PBXGroup;
			children = (
				04D9174C219C89B50046669B /* BioSequence+Addition.swift */,
				04D9174E219C89B50046669B /* BioSequence+Fasta.swift */,
				04D9174B219C89B50046669B /* BioSequence+Functions.swift */,
				04D91750219C89B50046669B /* BioSequence+Hashable.swift */,
				04D9174F219C89B50046669B /* BioSequence+Properties.swift */,
				04D9174D219C89B50046669B /* BioSequence+Random.swift */,
				04D91751219C89B50046669B /* BioSequence+Subscripts.swift */,
			);
			path = BioSequence;
			sourceTree = "<group>";
		};
		04D91759219C89D10046669B /* Collection */ = {
			isa = PBXGroup;
			children = (
				04D9175B219C89E20046669B /* Collection+GCContent.swift */,
				04D9175A219C89E20046669B /* Collection+Genomes.swift */,
			);
			path = Collection;
			sourceTree = "<group>";
		};
		04D9175E219C89F20046669B /* Nucleobase */ = {
			isa = PBXGroup;
			children = (
				04D9176E219C8BDA0046669B /* Nucleobase+Array.swift */,
			);
			path = Nucleobase;
			sourceTree = "<group>";
		};
		04D91769219C8A710046669B /* String */ = {
			isa = PBXGroup;
			children = (
				04D9176B219C8A8B0046669B /* String+File.swift */,
				04D9176A219C8A8B0046669B /* String+Trim.swift */,
			);
			path = String;
			sourceTree = "<group>";
		};
		04DB2867215C1D8F00BB45FC /* Base Count Tests */ = {
			isa = PBXGroup;
			children = (
				04DB2865215C1D7E00BB45FC /* DNABaseCountTests.swift */,
			);
			name = "Base Count Tests";
			sourceTree = "<group>";
		};
		04DB2868215C279000BB45FC /* Helpers */ = {
			isa = PBXGroup;
			children = (
				04AD366A214950AD006662CE /* TestSequenceFileReader.swift */,
				04AD3677214BF7EE006662CE /* MendelianTestCase.swift */,
			);
			name = Helpers;
			sourceTree = "<group>";
		};
		04DB2869215C27DB00BB45FC /* Tests */ = {
			isa = PBXGroup;
			children = (
				04DB2867215C1D8F00BB45FC /* Base Count Tests */,
				916B972A214C2763005C7910 /* Equality Tests */,
				04AA8E77217E17BE00BF195C /* Fragment Tests */,
				916B9725214C267F005C7910 /* Init Tests */,
				12628EE91E7742A500C44EC1 /* Math Model Tests */,
				91DA41EB219A62E200F31975 /* Motif Tests */,
				12628EE81E77429600C44EC1 /* Randomization Tests */,
				12628EE51E7730BD00C44EC1 /* Sequence Model Tests */,
				04AA8E87217F721600BF195C /* Generator Tests */,
				91535D892184D03A00EA7325 /* GraphTests.swift */,
			);
			name = Tests;
			sourceTree = "<group>";
		};
		12628EE51E7730BD00C44EC1 /* Sequence Model Tests */ = {
			isa = PBXGroup;
			children = (
				12628EEC1E77439000C44EC1 /* DnaTests.swift */,
				0428DBCE214FE2F000C838E4 /* RNATests.swift */,
			);
			name = "Sequence Model Tests";
			sourceTree = "<group>";
		};
		12628EE81E77429600C44EC1 /* Randomization Tests */ = {
			isa = PBXGroup;
			children = (
				12628EF41E7743F400C44EC1 /* MockGraphs.swift */,
				12628EF01E77439A00C44EC1 /* RandomDNATests.swift */,
				04AD3675214BF7D4006662CE /* RandomRNATests.swift */,
				04AD3679214BFCC9006662CE /* RandomProteinTests.swift */,
			);
			name = "Randomization Tests";
			sourceTree = "<group>";
		};
		12628EE91E7742A500C44EC1 /* Math Model Tests */ = {
			isa = PBXGroup;
			children = (
				12628EEA1E77433900C44EC1 /* BioGraphTests.swift */,
			);
			name = "Math Model Tests";
			sourceTree = "<group>";
		};
		494B8C5C1E6B4D490057030B = {
			isa = PBXGroup;
			children = (
				494B8C681E6B4D490057030B /* MendelianSwift */,
				494B8C731E6B4D490057030B /* MendelianSwiftTests */,
				494B8C671E6B4D490057030B /* Products */,
			);
			sourceTree = "<group>";
		};
		494B8C671E6B4D490057030B /* Products */ = {
			isa = PBXGroup;
			children = (
				494B8C661E6B4D490057030B /* MendelianSwift.framework */,
				494B8C6F1E6B4D490057030B /* MendelianSwiftTests.xctest */,
			);
			name = Products;
			sourceTree = "<group>";
		};
		494B8C681E6B4D490057030B /* MendelianSwift */ = {
			isa = PBXGroup;
			children = (
				044226D42134A224000CBEBC /* Bases */,
				9194A922213191BD00C1E696 /* Extensions */,
				04AD366521494EC4006662CE /* Protocols */,
				494D4ECA1E738B0F0068F706 /* Internal Services */,
				494D94161E76215B007B416C /* Graph */,
				494D4EBE1E7389370068F706 /* Sequence Models */,
				494B8C691E6B4D490057030B /* MendelianSwift.h */,
				494B8C821E6B4DDC0057030B /* Constants.swift */,
				494B8C6A1E6B4D490057030B /* Info.plist */,
			);
			path = MendelianSwift;
			sourceTree = "<group>";
		};
		494B8C731E6B4D490057030B /* MendelianSwiftTests */ = {
			isa = PBXGroup;
			children = (
				0428DBD5214FE8F200C838E4 /* Extensions */,
				04DB2868215C279000BB45FC /* Helpers */,
				494D4ED81E7443520068F706 /* Resources */,
				04DB2869215C27DB00BB45FC /* Tests */,
				494B8C761E6B4D490057030B /* Info.plist */,
			);
			path = MendelianSwiftTests;
			sourceTree = "<group>";
		};
		494D4EBE1E7389370068F706 /* Sequence Models */ = {
			isa = PBXGroup;
			children = (
				494D4EC01E73894F0068F706 /* DNA.swift */,
				494D4EC11E73894F0068F706 /* Protein.swift */,
				494D4EC21E73894F0068F706 /* RNA.swift */,
			);
			name = "Sequence Models";
			sourceTree = "<group>";
		};
		494D4ECA1E738B0F0068F706 /* Internal Services */ = {
			isa = PBXGroup;
			children = (
				912D87A921912DE700314B63 /* BioSequenceFileReader.swift */,
				912D87AA21912DE700314B63 /* SequenceGenerator.swift */,
			);
			name = "Internal Services";
			sourceTree = "<group>";
		};
		494D4ED81E7443520068F706 /* Resources */ = {
			isa = PBXGroup;
			children = (
				04AD365A2146C0E5006662CE /* DNA */,
				0428DBD2214FE37500C838E4 /* RNA */,
				494D4ED91E74436C0068F706 /* fasta1.txt */,
				494D4EDA1E74436C0068F706 /* fasta2.txt */,
				0428DBD6214FEDB600C838E4 /* fasta3.txt */,
				04D79E7D215138BA00D4D1F8 /* fasta4.txt */,
			);
			name = Resources;
			sourceTree = "<group>";
		};
		494D94161E76215B007B416C /* Graph */ = {
			isa = PBXGroup;
			children = (
				91535D8E2184F3CB00EA7325 /* Components */,
				91535D8D2184F35300EA7325 /* Implementations */,
				912D879F21912D3700314B63 /* BioGraphBase.swift */,
				912D87A121912D5E00314B63 /* BioGraphFactory.swift */,
				912D87A221912D5E00314B63 /* BioGraphInterface.swift */,
			);
			name = Graph;
			sourceTree = "<group>";
		};
		91535D8D2184F35300EA7325 /* Implementations */ = {
			isa = PBXGroup;
			children = (
				912D87A621912D8100314B63 /* DirectedGraph.swift */,
				912D87A521912D8100314B63 /* UndirectedGraph.swift */,
			);
			name = Implementations;
			sourceTree = "<group>";
		};
		91535D8E2184F3CB00EA7325 /* Components */ = {
			isa = PBXGroup;
			children = (
				912D879B21912D0800314B63 /* Edge.swift */,
				912D879A21912D0800314B63 /* EdgeList.swift */,
				912D879921912D0800314B63 /* Vertex.swift */,
			);
			name = Components;
			sourceTree = "<group>";
		};
		916B9725214C267F005C7910 /* Init Tests */ = {
			isa = PBXGroup;
			children = (
				04AD3661214857D5006662CE /* InitDNATests.swift */,
				916B9726214C2710005C7910 /* InitRNATests.swift */,
				916B9728214C2721005C7910 /* InitProteinTests.swift */,
			);
			path = "Init Tests";
			sourceTree = "<group>";
		};
		916B972A214C2763005C7910 /* Equality Tests */ = {
			isa = PBXGroup;
			children = (
				916B972B214C2791005C7910 /* EqualityDNATests.swift */,
				916B972D214C27C4005C7910 /* EqualityRNATests.swift */,
				916B972F214C27D4005C7910 /* EqualityProteinTests.swift */,
			);
			path = "Equality Tests";
			sourceTree = "<group>";
		};
		9194A922213191BD00C1E696 /* Extensions */ = {
			isa = PBXGroup;
			children = (
				04D9173B219C890F0046669B /* Array */,
				04D9174A219C89940046669B /* BioSequence */,
				04D91759219C89D10046669B /* Collection */,
				04D9175E219C89F20046669B /* Nucleobase */,
				04D91769219C8A710046669B /* String */,
			);
			name = Extensions;
			sourceTree = "<group>";
		};
		91DA41E8219A614700F31975 /* Motifs */ = {
			isa = PBXGroup;
			children = (
				91DA41E6219A613B00F31975 /* dna-motifs1.txt */,
				91DA41E9219A62CD00F31975 /* dna-motifs2.txt */,
				91DA41EC219A659600F31975 /* dna-motifs3.txt */,
			);
			name = Motifs;
			sourceTree = "<group>";
		};
		91DA41EB219A62E200F31975 /* Motif Tests */ = {
			isa = PBXGroup;
			children = (
				91DA41E4219A60F300F31975 /* DNAMotifTests.swift */,
			);
			name = "Motif Tests";
			sourceTree = "<group>";
		};
/* End PBXGroup section */

/* Begin PBXHeadersBuildPhase section */
		494B8C631E6B4D490057030B /* Headers */ = {
			isa = PBXHeadersBuildPhase;
			buildActionMask = 2147483647;
			files = (
				494B8C771E6B4D490057030B /* MendelianSwift.h in Headers */,
			);
			runOnlyForDeploymentPostprocessing = 0;
		};
/* End PBXHeadersBuildPhase section */

/* Begin PBXNativeTarget section */
		494B8C651E6B4D490057030B /* MendelianSwift */ = {
			isa = PBXNativeTarget;
			buildConfigurationList = 494B8C7A1E6B4D490057030B /* Build configuration list for PBXNativeTarget "MendelianSwift" */;
			buildPhases = (
				494B8C611E6B4D490057030B /* Sources */,
				494B8C621E6B4D490057030B /* Frameworks */,
				494B8C631E6B4D490057030B /* Headers */,
				494B8C641E6B4D490057030B /* Resources */,
			);
			buildRules = (
			);
			dependencies = (
			);
			name = MendelianSwift;
			productName = MendelianSwift;
			productReference = 494B8C661E6B4D490057030B /* MendelianSwift.framework */;
			productType = "com.apple.product-type.framework";
		};
		494B8C6E1E6B4D490057030B /* MendelianSwiftTests */ = {
			isa = PBXNativeTarget;
			buildConfigurationList = 494B8C7D1E6B4D490057030B /* Build configuration list for PBXNativeTarget "MendelianSwiftTests" */;
			buildPhases = (
				494B8C6B1E6B4D490057030B /* Sources */,
				494B8C6C1E6B4D490057030B /* Frameworks */,
				494B8C6D1E6B4D490057030B /* Resources */,
			);
			buildRules = (
			);
			dependencies = (
				494B8C721E6B4D490057030B /* PBXTargetDependency */,
			);
			name = MendelianSwiftTests;
			productName = MendelianSwiftTests;
			productReference = 494B8C6F1E6B4D490057030B /* MendelianSwiftTests.xctest */;
			productType = "com.apple.product-type.bundle.unit-test";
		};
/* End PBXNativeTarget section */

/* Begin PBXProject section */
		494B8C5D1E6B4D490057030B /* Project object */ = {
			isa = PBXProject;
			attributes = {
				LastSwiftUpdateCheck = 0820;
				LastUpgradeCheck = 0940;
				ORGANIZATIONNAME = carlosbrenneisen;
				TargetAttributes = {
					494B8C651E6B4D490057030B = {
						CreatedOnToolsVersion = 8.2.1;
						LastSwiftMigration = 0940;
						ProvisioningStyle = Automatic;
					};
					494B8C6E1E6B4D490057030B = {
						CreatedOnToolsVersion = 8.2.1;
						DevelopmentTeam = 9VZ57H5242;
						LastSwiftMigration = 0940;
						ProvisioningStyle = Automatic;
					};
				};
			};
			buildConfigurationList = 494B8C601E6B4D490057030B /* Build configuration list for PBXProject "MendelianSwift" */;
			compatibilityVersion = "Xcode 3.2";
			developmentRegion = English;
			hasScannedForEncodings = 0;
			knownRegions = (
				en,
			);
			mainGroup = 494B8C5C1E6B4D490057030B;
			productRefGroup = 494B8C671E6B4D490057030B /* Products */;
			projectDirPath = "";
			projectRoot = "";
			targets = (
				494B8C651E6B4D490057030B /* MendelianSwift */,
				494B8C6E1E6B4D490057030B /* MendelianSwiftTests */,
			);
		};
/* End PBXProject section */

/* Begin PBXResourcesBuildPhase section */
		494B8C641E6B4D490057030B /* Resources */ = {
			isa = PBXResourcesBuildPhase;
			buildActionMask = 2147483647;
			files = (
			);
			runOnlyForDeploymentPostprocessing = 0;
		};
		494B8C6D1E6B4D490057030B /* Resources */ = {
			isa = PBXResourcesBuildPhase;
			buildActionMask = 2147483647;
			files = (
				04AA8E7C217E1AFA00BF195C /* dna-fragments1.txt in Resources */,
				91DA41ED219A659600F31975 /* dna-motifs3.txt in Resources */,
				04AA8E80217F63AE00BF195C /* dna-fragments3.txt in Resources */,
				494D4EDB1E74436C0068F706 /* fasta1.txt in Resources */,
				04AD365E2146C1A2006662CE /* dna1.txt in Resources */,
				04AA8E82217F646F00BF195C /* dna-fragments3-answer.txt in Resources */,
				0428DBD7214FEDB600C838E4 /* fasta3.txt in Resources */,
				04AA8E7A217E192800BF195C /* dna-fragments2.txt in Resources */,
				0428DBD1214FE36E00C838E4 /* rna1.txt in Resources */,
				91DA41E7219A613B00F31975 /* dna-motifs1.txt in Resources */,
				91DA41EA219A62CD00F31975 /* dna-motifs2.txt in Resources */,
				494D4EDC1E74436C0068F706 /* fasta2.txt in Resources */,
				04D79E7E215138BA00D4D1F8 /* fasta4.txt in Resources */,
			);
			runOnlyForDeploymentPostprocessing = 0;
		};
/* End PBXResourcesBuildPhase section */

/* Begin PBXSourcesBuildPhase section */
		494B8C611E6B4D490057030B /* Sources */ = {
			isa = PBXSourcesBuildPhase;
			buildActionMask = 2147483647;
			files = (
				912D879E21912D0800314B63 /* Edge.swift in Sources */,
				04AD366421494BA5006662CE /* SequenceFileReader.swift in Sources */,
				04D91745219C891C0046669B /* Array+BaseCounts.swift in Sources */,
				912D87A721912D8100314B63 /* UndirectedGraph.swift in Sources */,
				912D87DC21912FFE00314B63 /* AminoAcid.swift in Sources */,
				912D87A021912D3700314B63 /* BioGraphBase.swift in Sources */,
				912D87A321912D5E00314B63 /* BioGraphFactory.swift in Sources */,
				912D879C21912D0800314B63 /* Vertex.swift in Sources */,
				912D879D21912D0800314B63 /* EdgeList.swift in Sources */,
				04D91756219C89B50046669B /* BioSequence+Properties.swift in Sources */,
				494D4EC51E73894F0068F706 /* Protein.swift in Sources */,
				04D91749219C891C0046669B /* Array+Consensus.swift in Sources */,
				04AD366921495063006662CE /* InjectionMap.swift in Sources */,
				04D9175D219C89E20046669B /* Collection+GCContent.swift in Sources */,
				912D87A421912D5E00314B63 /* BioGraphInterface.swift in Sources */,
				494D4EC61E73894F0068F706 /* RNA.swift in Sources */,
				04D9175C219C89E20046669B /* Collection+Genomes.swift in Sources */,
				04C811BD2136D880007DEF54 /* Nucleobase.swift in Sources */,
				04D91757219C89B50046669B /* BioSequence+Hashable.swift in Sources */,
				912D87DD21912FFE00314B63 /* DNA+Base.swift in Sources */,
				912D87AB21912DE700314B63 /* BioSequenceFileReader.swift in Sources */,
				04D91747219C891C0046669B /* Array+Utility.swift in Sources */,
				04D91755219C89B50046669B /* BioSequence+Fasta.swift in Sources */,
				04D9176D219C8A8C0046669B /* String+File.swift in Sources */,
				494B8C861E6B4DDC0057030B /* Constants.swift in Sources */,
				494D4EC31E73894F0068F706 /* BioSequence.swift in Sources */,
				494D4EC41E73894F0068F706 /* DNA.swift in Sources */,
				04D91754219C89B50046669B /* BioSequence+Random.swift in Sources */,
				04D91743219C891C0046669B /* Array+Overlap.swift in Sources */,
				04D91746219C891C0046669B /* Array+SharedMotif.swift in Sources */,
				912D87A821912D8100314B63 /* DirectedGraph.swift in Sources */,
				04D91744219C891C0046669B /* Array+Contains.swift in Sources */,
				04D91748219C891C0046669B /* Array+Random.swift in Sources */,
				04D91752219C89B50046669B /* BioSequence+Functions.swift in Sources */,
				912D87DE21912FFE00314B63 /* RNA+Base.swift in Sources */,
				912D87AC21912DE700314B63 /* SequenceGenerator.swift in Sources */,
				04D91758219C89B50046669B /* BioSequence+Subscripts.swift in Sources */,
				04D91753219C89B50046669B /* BioSequence+Addition.swift in Sources */,
				04D9176C219C8A8C0046669B /* String+Trim.swift in Sources */,
				04D9176F219C8BDA0046669B /* Nucleobase+Array.swift in Sources */,
			);
			runOnlyForDeploymentPostprocessing = 0;
		};
		494B8C6B1E6B4D490057030B /* Sources */ = {
			isa = PBXSourcesBuildPhase;
			buildActionMask = 2147483647;
			files = (
				12628EF31E77439A00C44EC1 /* RandomDNATests.swift in Sources */,
				12628EF51E7743F400C44EC1 /* MockGraphs.swift in Sources */,
				916B972E214C27C4005C7910 /* EqualityRNATests.swift in Sources */,
				04AD367A214BFCC9006662CE /* RandomProteinTests.swift in Sources */,
				04AD3676214BF7D4006662CE /* RandomRNATests.swift in Sources */,
				916B9727214C2710005C7910 /* InitRNATests.swift in Sources */,
				12628EED1E77439000C44EC1 /* DnaTests.swift in Sources */,
				0428DBD4214FE8E800C838E4 /* BioSequence+Test.swift in Sources */,
				04DB2866215C1D7E00BB45FC /* DNABaseCountTests.swift in Sources */,
				04AD3662214857D5006662CE /* InitDNATests.swift in Sources */,
				04AA8E76217E17B700BF195C /* FragmentDNATests.swift in Sources */,
				91535D8A2184D03A00EA7325 /* GraphTests.swift in Sources */,
				916B9730214C27D4005C7910 /* EqualityProteinTests.swift in Sources */,
				0428DBD9214FEE0900C838E4 /* Array+Test.swift in Sources */,
				91DA41E5219A60F300F31975 /* DNAMotifTests.swift in Sources */,
				12628EEB1E77433900C44EC1 /* BioGraphTests.swift in Sources */,
				916B972C214C2791005C7910 /* EqualityDNATests.swift in Sources */,
				04AD366B214950AD006662CE /* TestSequenceFileReader.swift in Sources */,
				0428DBCF214FE2F000C838E4 /* RNATests.swift in Sources */,
				04AD3678214BF7EE006662CE /* MendelianTestCase.swift in Sources */,
				04AA8E86217F71F100BF195C /* SequenceGeneratorTests.swift in Sources */,
				916B9729214C2721005C7910 /* InitProteinTests.swift in Sources */,
			);
			runOnlyForDeploymentPostprocessing = 0;
		};
/* End PBXSourcesBuildPhase section */

/* Begin PBXTargetDependency section */
		494B8C721E6B4D490057030B /* PBXTargetDependency */ = {
			isa = PBXTargetDependency;
			target = 494B8C651E6B4D490057030B /* MendelianSwift */;
			targetProxy = 494B8C711E6B4D490057030B /* PBXContainerItemProxy */;
		};
/* End PBXTargetDependency section */

/* Begin XCBuildConfiguration section */
		494B8C781E6B4D490057030B /* Debug */ = {
			isa = XCBuildConfiguration;
			buildSettings = {
				ALWAYS_SEARCH_USER_PATHS = NO;
				CLANG_ANALYZER_NONNULL = YES;
				CLANG_CXX_LANGUAGE_STANDARD = "gnu++0x";
				CLANG_CXX_LIBRARY = "libc++";
				CLANG_ENABLE_MODULES = YES;
				CLANG_ENABLE_OBJC_ARC = YES;
				CLANG_WARN_BLOCK_CAPTURE_AUTORELEASING = YES;
				CLANG_WARN_BOOL_CONVERSION = YES;
				CLANG_WARN_COMMA = YES;
				CLANG_WARN_CONSTANT_CONVERSION = YES;
				CLANG_WARN_DEPRECATED_OBJC_IMPLEMENTATIONS = YES;
				CLANG_WARN_DIRECT_OBJC_ISA_USAGE = YES_ERROR;
				CLANG_WARN_DOCUMENTATION_COMMENTS = YES;
				CLANG_WARN_EMPTY_BODY = YES;
				CLANG_WARN_ENUM_CONVERSION = YES;
				CLANG_WARN_INFINITE_RECURSION = YES;
				CLANG_WARN_INT_CONVERSION = YES;
				CLANG_WARN_NON_LITERAL_NULL_CONVERSION = YES;
				CLANG_WARN_OBJC_IMPLICIT_RETAIN_SELF = YES;
				CLANG_WARN_OBJC_LITERAL_CONVERSION = YES;
				CLANG_WARN_OBJC_ROOT_CLASS = YES_ERROR;
				CLANG_WARN_RANGE_LOOP_ANALYSIS = YES;
				CLANG_WARN_STRICT_PROTOTYPES = YES;
				CLANG_WARN_SUSPICIOUS_MOVE = YES;
				CLANG_WARN_UNREACHABLE_CODE = YES;
				CLANG_WARN__DUPLICATE_METHOD_MATCH = YES;
				"CODE_SIGN_IDENTITY[sdk=iphoneos*]" = "iPhone Developer";
				COPY_PHASE_STRIP = NO;
				CURRENT_PROJECT_VERSION = 1;
				DEBUG_INFORMATION_FORMAT = dwarf;
				ENABLE_STRICT_OBJC_MSGSEND = YES;
				ENABLE_TESTABILITY = YES;
				GCC_C_LANGUAGE_STANDARD = gnu99;
				GCC_DYNAMIC_NO_PIC = NO;
				GCC_NO_COMMON_BLOCKS = YES;
				GCC_OPTIMIZATION_LEVEL = 0;
				GCC_PREPROCESSOR_DEFINITIONS = (
					"DEBUG=1",
					"$(inherited)",
				);
				GCC_WARN_64_TO_32_BIT_CONVERSION = YES;
				GCC_WARN_ABOUT_RETURN_TYPE = YES_ERROR;
				GCC_WARN_UNDECLARED_SELECTOR = YES;
				GCC_WARN_UNINITIALIZED_AUTOS = YES_AGGRESSIVE;
				GCC_WARN_UNUSED_FUNCTION = YES;
				GCC_WARN_UNUSED_VARIABLE = YES;
				IPHONEOS_DEPLOYMENT_TARGET = 10.2;
				MTL_ENABLE_DEBUG_INFO = YES;
				ONLY_ACTIVE_ARCH = YES;
				SDKROOT = iphoneos;
				SWIFT_ACTIVE_COMPILATION_CONDITIONS = DEBUG;
				SWIFT_OPTIMIZATION_LEVEL = "-Onone";
				TARGETED_DEVICE_FAMILY = "1,2";
				VERSIONING_SYSTEM = "apple-generic";
				VERSION_INFO_PREFIX = "";
			};
			name = Debug;
		};
		494B8C791E6B4D490057030B /* Release */ = {
			isa = XCBuildConfiguration;
			buildSettings = {
				ALWAYS_SEARCH_USER_PATHS = NO;
				CLANG_ANALYZER_NONNULL = YES;
				CLANG_CXX_LANGUAGE_STANDARD = "gnu++0x";
				CLANG_CXX_LIBRARY = "libc++";
				CLANG_ENABLE_MODULES = YES;
				CLANG_ENABLE_OBJC_ARC = YES;
				CLANG_WARN_BLOCK_CAPTURE_AUTORELEASING = YES;
				CLANG_WARN_BOOL_CONVERSION = YES;
				CLANG_WARN_COMMA = YES;
				CLANG_WARN_CONSTANT_CONVERSION = YES;
				CLANG_WARN_DEPRECATED_OBJC_IMPLEMENTATIONS = YES;
				CLANG_WARN_DIRECT_OBJC_ISA_USAGE = YES_ERROR;
				CLANG_WARN_DOCUMENTATION_COMMENTS = YES;
				CLANG_WARN_EMPTY_BODY = YES;
				CLANG_WARN_ENUM_CONVERSION = YES;
				CLANG_WARN_INFINITE_RECURSION = YES;
				CLANG_WARN_INT_CONVERSION = YES;
				CLANG_WARN_NON_LITERAL_NULL_CONVERSION = YES;
				CLANG_WARN_OBJC_IMPLICIT_RETAIN_SELF = YES;
				CLANG_WARN_OBJC_LITERAL_CONVERSION = YES;
				CLANG_WARN_OBJC_ROOT_CLASS = YES_ERROR;
				CLANG_WARN_RANGE_LOOP_ANALYSIS = YES;
				CLANG_WARN_STRICT_PROTOTYPES = YES;
				CLANG_WARN_SUSPICIOUS_MOVE = YES;
				CLANG_WARN_UNREACHABLE_CODE = YES;
				CLANG_WARN__DUPLICATE_METHOD_MATCH = YES;
				"CODE_SIGN_IDENTITY[sdk=iphoneos*]" = "iPhone Developer";
				COPY_PHASE_STRIP = NO;
				CURRENT_PROJECT_VERSION = 1;
				DEBUG_INFORMATION_FORMAT = "dwarf-with-dsym";
				ENABLE_NS_ASSERTIONS = NO;
				ENABLE_STRICT_OBJC_MSGSEND = YES;
				GCC_C_LANGUAGE_STANDARD = gnu99;
				GCC_NO_COMMON_BLOCKS = YES;
				GCC_WARN_64_TO_32_BIT_CONVERSION = YES;
				GCC_WARN_ABOUT_RETURN_TYPE = YES_ERROR;
				GCC_WARN_UNDECLARED_SELECTOR = YES;
				GCC_WARN_UNINITIALIZED_AUTOS = YES_AGGRESSIVE;
				GCC_WARN_UNUSED_FUNCTION = YES;
				GCC_WARN_UNUSED_VARIABLE = YES;
				IPHONEOS_DEPLOYMENT_TARGET = 10.2;
				MTL_ENABLE_DEBUG_INFO = NO;
				SDKROOT = iphoneos;
				SWIFT_OPTIMIZATION_LEVEL = "-Owholemodule";
				TARGETED_DEVICE_FAMILY = "1,2";
				VALIDATE_PRODUCT = YES;
				VERSIONING_SYSTEM = "apple-generic";
				VERSION_INFO_PREFIX = "";
			};
			name = Release;
		};
		494B8C7B1E6B4D490057030B /* Debug */ = {
			isa = XCBuildConfiguration;
			buildSettings = {
				CLANG_ENABLE_MODULES = YES;
				CODE_SIGN_IDENTITY = "";
				DEFINES_MODULE = YES;
				DEVELOPMENT_TEAM = "";
				DYLIB_COMPATIBILITY_VERSION = 1;
				DYLIB_CURRENT_VERSION = 1;
				DYLIB_INSTALL_NAME_BASE = "@rpath";
				INFOPLIST_FILE = MendelianSwift/Info.plist;
				INSTALL_PATH = "$(LOCAL_LIBRARY_DIR)/Frameworks";
				LD_RUNPATH_SEARCH_PATHS = "$(inherited) @executable_path/Frameworks @loader_path/Frameworks";
				PRODUCT_BUNDLE_IDENTIFIER = com.cbrenneisen.MendelianSwift;
				PRODUCT_NAME = "$(TARGET_NAME)";
				SKIP_INSTALL = YES;
				SWIFT_OPTIMIZATION_LEVEL = "-Onone";
				SWIFT_SWIFT3_OBJC_INFERENCE = Off;
				SWIFT_VERSION = 4.2;
			};
			name = Debug;
		};
		494B8C7C1E6B4D490057030B /* Release */ = {
			isa = XCBuildConfiguration;
			buildSettings = {
				CLANG_ENABLE_MODULES = YES;
				CODE_SIGN_IDENTITY = "";
				DEFINES_MODULE = YES;
				DEVELOPMENT_TEAM = "";
				DYLIB_COMPATIBILITY_VERSION = 1;
				DYLIB_CURRENT_VERSION = 1;
				DYLIB_INSTALL_NAME_BASE = "@rpath";
				INFOPLIST_FILE = MendelianSwift/Info.plist;
				INSTALL_PATH = "$(LOCAL_LIBRARY_DIR)/Frameworks";
				LD_RUNPATH_SEARCH_PATHS = "$(inherited) @executable_path/Frameworks @loader_path/Frameworks";
				PRODUCT_BUNDLE_IDENTIFIER = com.cbrenneisen.MendelianSwift;
				PRODUCT_NAME = "$(TARGET_NAME)";
				SKIP_INSTALL = YES;
				SWIFT_SWIFT3_OBJC_INFERENCE = Off;
				SWIFT_VERSION = 4.2;
			};
			name = Release;
		};
		494B8C7E1E6B4D490057030B /* Debug */ = {
			isa = XCBuildConfiguration;
			buildSettings = {
				ALWAYS_EMBED_SWIFT_STANDARD_LIBRARIES = YES;
				DEVELOPMENT_TEAM = 9VZ57H5242;
				INFOPLIST_FILE = MendelianSwiftTests/Info.plist;
				LD_RUNPATH_SEARCH_PATHS = "$(inherited) @executable_path/Frameworks @loader_path/Frameworks";
				PRODUCT_BUNDLE_IDENTIFIER = com.cbrenneisen.MendelianSwiftTests;
				PRODUCT_NAME = "$(TARGET_NAME)";
				SWIFT_SWIFT3_OBJC_INFERENCE = Off;
				SWIFT_VERSION = 4.0;
			};
			name = Debug;
		};
		494B8C7F1E6B4D490057030B /* Release */ = {
			isa = XCBuildConfiguration;
			buildSettings = {
				ALWAYS_EMBED_SWIFT_STANDARD_LIBRARIES = YES;
				DEVELOPMENT_TEAM = 9VZ57H5242;
				INFOPLIST_FILE = MendelianSwiftTests/Info.plist;
				LD_RUNPATH_SEARCH_PATHS = "$(inherited) @executable_path/Frameworks @loader_path/Frameworks";
				PRODUCT_BUNDLE_IDENTIFIER = com.cbrenneisen.MendelianSwiftTests;
				PRODUCT_NAME = "$(TARGET_NAME)";
				SWIFT_SWIFT3_OBJC_INFERENCE = Off;
				SWIFT_VERSION = 4.0;
			};
			name = Release;
		};
/* End XCBuildConfiguration section */

/* Begin XCConfigurationList section */
		494B8C601E6B4D490057030B /* Build configuration list for PBXProject "MendelianSwift" */ = {
			isa = XCConfigurationList;
			buildConfigurations = (
				494B8C781E6B4D490057030B /* Debug */,
				494B8C791E6B4D490057030B /* Release */,
			);
			defaultConfigurationIsVisible = 0;
			defaultConfigurationName = Release;
		};
		494B8C7A1E6B4D490057030B /* Build configuration list for PBXNativeTarget "MendelianSwift" */ = {
			isa = XCConfigurationList;
			buildConfigurations = (
				494B8C7B1E6B4D490057030B /* Debug */,
				494B8C7C1E6B4D490057030B /* Release */,
			);
			defaultConfigurationIsVisible = 0;
			defaultConfigurationName = Release;
		};
		494B8C7D1E6B4D490057030B /* Build configuration list for PBXNativeTarget "MendelianSwiftTests" */ = {
			isa = XCConfigurationList;
			buildConfigurations = (
				494B8C7E1E6B4D490057030B /* Debug */,
				494B8C7F1E6B4D490057030B /* Release */,
			);
			defaultConfigurationIsVisible = 0;
			defaultConfigurationName = Release;
		};
/* End XCConfigurationList section */
	};
	rootObject = 494B8C5D1E6B4D490057030B /* Project object */;
}
